
Microsoft Visual Studio Solution File, Format Version 12.00
# Visual Studio Version 16
VisualStudioVersion = 16.0.31205.134
MinimumVisualStudioVersion = 10.0.40219.1
Project("{FAE04EC0-301F-11D3-BF4B-00C04F79EFBC}") = "MoveDictionaries.Web", "MoveDictionaries.Web\MoveDictionaries.Web.csproj", "{C345FB14-0A98-4729-83A2-2D0D3855AEB0}"
EndProject
Project("{FAE04EC0-301F-11D3-BF4B-00C04F79EFBC}") = "MoveDictionaries.Core", "MoveDictionaries.Core\MoveDictionaries.Core.csproj", "{3742C97A-AAD5-43F3-8C99-FA86F7CCD531}"
EndProject
Global
	GlobalSection(SolutionConfigurationPlatforms) = preSolution
		Debug|Any CPU = Debug|Any CPU
		Release|Any CPU = Release|Any CPU
	EndGlobalSection
	GlobalSection(ProjectConfigurationPlatforms) = postSolution
		{C345FB14-0A98-4729-83A2-2D0D3855AEB0}.Debug|Any CPU.ActiveCfg = Debug|Any CPU
		{C345FB14-0A98-4729-83A2-2D0D3855AEB0}.Debug|Any CPU.Build.0 = Debug|Any CPU
		{C345FB14-0A98-4729-83A2-2D0D3855AEB0}.Release|Any CPU.ActiveCfg = Release|Any CPU
		{C345FB14-0A98-4729-83A2-2D0D3855AEB0}.Release|Any CPU.Build.0 = Release|Any CPU
		{3742C97A-AAD5-43F3-8C99-FA86F7CCD531}.Debug|Any CPU.ActiveCfg = Debug|Any CPU
		{3742C97A-AAD5-43F3-8C99-FA86F7CCD531}.Debug|Any CPU.Build.0 = Debug|Any CPU
		{3742C97A-AAD5-43F3-8C99-FA86F7CCD531}.Release|Any CPU.ActiveCfg = Release|Any CPU
		{3742C97A-AAD5-43F3-8C99-FA86F7CCD531}.Release|Any CPU.Build.0 = Release|Any CPU
	EndGlobalSection
	GlobalSection(SolutionProperties) = preSolution
		HideSolutionNode = FALSE
	EndGlobalSection
	GlobalSection(ExtensibilityGlobals) = postSolution
		SolutionGuid = {4DC8346D-0288-4CD6-B7AF-2B8D43CCA2F4}
	EndGlobalSection
EndGlobal
